lockfileVersion: "9.0"

settings:
  autoInstallPeers: true
  excludeLinksFromLockfile: false

importers:
  .:
    devDependencies:
      "@prettier/plugin-php":
        specifier: ^0.24.0
        version: 0.24.0(prettier@3.6.2)
      "@ttskch/prettier-plugin-tailwindcss-anywhere":
        specifier: ^0.1.1
        version: 0.1.1(prettier-plugin-tailwindcss@0.6.14(@zackad/prettier-plugin-twig@0.16.0)(prettier@3.6.2))(prettier@3.6.2)
      "@zackad/prettier-plugin-twig":
        specifier: ^0.16.0
        version: 0.16.0
      prettier:
        specifier: ^3.6.2
        version: 3.6.2
      prettier-plugin-tailwindcss:
        specifier: ^0.6.14
        version: 0.6.14(@zackad/prettier-plugin-twig@0.16.0)(prettier@3.6.2)

packages:
  "@babel/code-frame@7.27.1":
    resolution:
      {
        integrity: sha512-cjQ7ZlQ0Mv3b47hABuTevyTuYN4i+loJKGeV9flcCgIK37cCXRh+L1bd3iBHlynerhQ7BhCkn2BPbQUL+rGqFg==,
      }
    engines: { node: ">=6.9.0" }

  "@babel/helper-string-parser@7.27.1":
    resolution:
      {
        integrity: sha512-qMlSxKbpRlAridDExk92nSobyDdpPijUq2DW6oDnUqd0iOGxmQjyqhMIihI9+zv4LPyZdRje2cavWPbCbWm3eA==,
      }
    engines: { node: ">=6.9.0" }

  "@babel/helper-validator-identifier@7.27.1":
    resolution:
      {
        integrity: sha512-D2hP9eA+Sqx1kBZgzxZh0y1trbuU+JoDkiEwqhQ36nodYqJwyEIhPSdMNd7lOm/4io72luTPWH20Yda0xOuUow==,
      }
    engines: { node: ">=6.9.0" }

  "@babel/parser@7.28.4":
    resolution:
      {
        integrity: sha512-yZbBqeM6TkpP9du/I2pUZnJsRMGGvOuIrhjzC1AwHwW+6he4mni6Bp/m8ijn0iOuZuPI2BfkCoSRunpyjnrQKg==,
      }
    engines: { node: ">=6.0.0" }
    hasBin: true

  "@babel/template@7.27.2":
    resolution:
      {
        integrity: sha512-LPDZ85aEJyYSd18/DkjNh4/y1ntkE5KwUHWTiqgRxruuZL2F1yuHligVHLvcHY2vMHXttKFpJn6LwfI7cw7ODw==,
      }
    engines: { node: ">=6.9.0" }

  "@babel/types@7.28.4":
    resolution:
      {
        integrity: sha512-bkFqkLhh3pMBUQQkpVgWDWq/lqzc2678eUyDlTBhRqhCHFguYYGM0Efga7tYk4TogG/3x0EEl66/OQ+WGbWB/Q==,
      }
    engines: { node: ">=6.9.0" }

  "@prettier/plugin-php@0.24.0":
    resolution:
      {
        integrity: sha512-x9l65fCE/pgoET6RQowgdgG8Xmzs44z6j6Hhg3coINCyCw9JBGJ5ZzMR2XHAM2jmAdbJAIgqB6cUn4/3W3XLTA==,
      }
    peerDependencies:
      prettier: ^3.0.0

  "@ttskch/prettier-plugin-tailwindcss-anywhere@0.1.1":
    resolution:
      {
        integrity: sha512-nJ/In8kZ7vLf8oXc6LJG1JJVJMOZNkFcjQVuEXGps1Gft9l2sLfcKWffp2H0agOGBpfWy+tagzZMN+iars+u+Q==,
      }
    engines: { node: ">= 20.9 < 24" }
    peerDependencies:
      prettier: ^3.0
      prettier-plugin-tailwindcss: ^0.6

  "@zackad/prettier-plugin-twig@0.16.0":
    resolution:
      {
        integrity: sha512-04ra6HWYHA5kuiv3def2d6MHzCyzG9zuCYWB5jvVpOqDrMJEt2I5D+xsQa4MtvkJ5v89kq0uFFT/PBd772bh/Q==,
      }
    engines: { node: ">=18" }

  he@1.2.0:
    resolution:
      {
        integrity: sha512-F/1DnUGPopORZi0ni+CvrCgHQ5FyEAHRLSApuYWMmrbSwoN2Mn/7k+Gl38gJnR7yyDZk6WLXwiGod1JOWNDKGw==,
      }
    hasBin: true

  js-tokens@4.0.0:
    resolution:
      {
        integrity: sha512-RdJUflcE3cUzKiMqQgsCu06FPu9UdIJO0beYbPhHN4k6apgJtifcoCtT9bcxOpYBtpD2kCM6Sbzg4CausW/PKQ==,
      }

  linguist-languages@8.2.0:
    resolution:
      {
        integrity: sha512-KCUUH9x97QWYU0SXOCGxUrZR6cSfuQrMhABB7L/0I8N0LXOeaKe7+RZs7FAwvWCV2qKfZ4Wv1luLq4OfMezSJg==,
      }

  lodash@4.17.21:
    resolution:
      {
        integrity: sha512-v2kDEe57lecTulaDIuNTPy3Ry4gLGJ6Z1O3vE1krgXZNrsQ+LFTGHVxVjcXPs17LhbZVGedAJv8XZ1tvj5FvSg==,
      }

  php-parser@3.2.5:
    resolution:
      {
        integrity: sha512-M1ZYlALFFnESbSdmRtTQrBFUHSriHgPhgqtTF/LCbZM4h7swR5PHtUceB2Kzby5CfqcsYwBn7OXTJ0+8Sajwkw==,
      }

  picocolors@1.1.1:
    resolution:
      {
        integrity: sha512-xceH2snhtb5M9liqDsmEw56le376mTZkEX/jEb/RxNFyegNul7eNslCXP9FDj/Lcu0X8KEyMceP2ntpaHrDEVA==,
      }

  prettier-plugin-tailwindcss@0.6.14:
    resolution:
      {
        integrity: sha512-pi2e/+ZygeIqntN+vC573BcW5Cve8zUB0SSAGxqpB4f96boZF4M3phPVoOFCeypwkpRYdi7+jQ5YJJUwrkGUAg==,
      }
    engines: { node: ">=14.21.3" }
    peerDependencies:
      "@ianvs/prettier-plugin-sort-imports": "*"
      "@prettier/plugin-hermes": "*"
      "@prettier/plugin-oxc": "*"
      "@prettier/plugin-pug": "*"
      "@shopify/prettier-plugin-liquid": "*"
      "@trivago/prettier-plugin-sort-imports": "*"
      "@zackad/prettier-plugin-twig": "*"
      prettier: ^3.0
      prettier-plugin-astro: "*"
      prettier-plugin-css-order: "*"
      prettier-plugin-import-sort: "*"
      prettier-plugin-jsdoc: "*"
      prettier-plugin-marko: "*"
      prettier-plugin-multiline-arrays: "*"
      prettier-plugin-organize-attributes: "*"
      prettier-plugin-organize-imports: "*"
      prettier-plugin-sort-imports: "*"
      prettier-plugin-style-order: "*"
      prettier-plugin-svelte: "*"
    peerDependenciesMeta:
      "@ianvs/prettier-plugin-sort-imports":
        optional: true
      "@prettier/plugin-hermes":
        optional: true
      "@prettier/plugin-oxc":
        optional: true
      "@prettier/plugin-pug":
        optional: true
      "@shopify/prettier-plugin-liquid":
        optional: true
      "@trivago/prettier-plugin-sort-imports":
        optional: true
      "@zackad/prettier-plugin-twig":
        optional: true
      prettier-plugin-astro:
        optional: true
      prettier-plugin-css-order:
        optional: true
      prettier-plugin-import-sort:
        optional: true
      prettier-plugin-jsdoc:
        optional: true
      prettier-plugin-marko:
        optional: true
      prettier-plugin-multiline-arrays:
        optional: true
      prettier-plugin-organize-attributes:
        optional: true
      prettier-plugin-organize-imports:
        optional: true
      prettier-plugin-sort-imports:
        optional: true
      prettier-plugin-style-order:
        optional: true
      prettier-plugin-svelte:
        optional: true

  prettier@3.6.2:
    resolution:
      {
        integrity: sha512-I7AIg5boAr5R0FFtJ6rCfD+LFsWHp81dolrFD8S79U9tb8Az2nGrJncnMSnys+bpQJfRUzqs9hnA81OAA3hCuQ==,
      }
    engines: { node: ">=14" }
    hasBin: true

  tslib@2.7.0:
    resolution:
      {
        integrity: sha512-gLXCKdN1/j47AiHiOkJN69hJmcbGTHI0ImLmbYLHykhgeN0jVGola9yVjFgzCUklsZQMW55o+dW7IXv3RCXDzA==,
      }

snapshots:
  "@babel/code-frame@7.27.1":
    dependencies:
      "@babel/helper-validator-identifier": 7.27.1
      js-tokens: 4.0.0
      picocolors: 1.1.1

  "@babel/helper-string-parser@7.27.1": {}

  "@babel/helper-validator-identifier@7.27.1": {}

  "@babel/parser@7.28.4":
    dependencies:
      "@babel/types": 7.28.4

  "@babel/template@7.27.2":
    dependencies:
      "@babel/code-frame": 7.27.1
      "@babel/parser": 7.28.4
      "@babel/types": 7.28.4

  "@babel/types@7.28.4":
    dependencies:
      "@babel/helper-string-parser": 7.27.1
      "@babel/helper-validator-identifier": 7.27.1

  "@prettier/plugin-php@0.24.0(prettier@3.6.2)":
    dependencies:
      linguist-languages: 8.2.0
      php-parser: 3.2.5
      prettier: 3.6.2

  "@ttskch/prettier-plugin-tailwindcss-anywhere@0.1.1(prettier-plugin-tailwindcss@0.6.14(@zackad/prettier-plugin-twig@0.16.0)(prettier@3.6.2))(prettier@3.6.2)":
    dependencies:
      prettier: 3.6.2
      prettier-plugin-tailwindcss: 0.6.14(@zackad/prettier-plugin-twig@0.16.0)(prettier@3.6.2)
      tslib: 2.7.0

  "@zackad/prettier-plugin-twig@0.16.0":
    dependencies:
      "@babel/template": 7.27.2
      "@babel/types": 7.28.4
      he: 1.2.0
      lodash: 4.17.21
      prettier: 3.6.2

  he@1.2.0: {}

  js-tokens@4.0.0: {}

  linguist-languages@8.2.0: {}

  lodash@4.17.21: {}

  php-parser@3.2.5: {}

  picocolors@1.1.1: {}

  prettier-plugin-tailwindcss@0.6.14(@zackad/prettier-plugin-twig@0.16.0)(prettier@3.6.2):
    dependencies:
      prettier: 3.6.2
    optionalDependencies:
      "@zackad/prettier-plugin-twig": 0.16.0

  prettier@3.6.2: {}

  tslib@2.7.0: {}
